
Microsoft Visual Studio Solution File, Format Version 12.00
# Visual Studio Version 17
VisualStudioVersion = 17.11.35303.130
MinimumVisualStudioVersion = 10.0.40219.1
Project("{FAE04EC0-301F-11D3-BF4B-00C04F79EFBC}") = "CommitAndForget", "CommitAndForget.csproj", "{868AA113-0945-4A41-A259-06F6971A6338}"
EndProject
Global
	GlobalSection(SolutionConfigurationPlatforms) = preSolution
		Debug|Any CPU = Debug|Any CPU
		Release|Any CPU = Release|Any CPU
	EndGlobalSection
	GlobalSection(ProjectConfigurationPlatforms) = postSolution
		{868AA113-0945-4A41-A259-06F6971A6338}.Debug|Any CPU.ActiveCfg = Debug|Any CPU
		{868AA113-0945-4A41-A259-06F6971A6338}.Debug|Any CPU.Build.0 = Debug|Any CPU
		{868AA113-0945-4A41-A259-06F6971A6338}.Release|Any CPU.ActiveCfg = Release|Any CPU
		{868AA113-0945-4A41-A259-06F6971A6338}.Release|Any CPU.Build.0 = Release|Any CPU
	EndGlobalSection
	GlobalSection(SolutionProperties) = preSolution
		HideSolutionNode = FALSE
	EndGlobalSection
	GlobalSection(ExtensibilityGlobals) = postSolution
		SolutionGuid = {EE313795-05EB-4A9F-9E50-3F248FB9D35A}
	EndGlobalSection
EndGlobal
